{
  "version": 4,
  "terraform_version": "0.13.5",
  "serial": 50,
  "lineage": "b6f938b1-c3ec-e951-3314-cea595b04401",
  "outputs": {},
  "resources": [
    {
      "mode": "managed",
      "type": "aws_s3_bucket",
      "name": "this",
      "provider": "provider[\"registry.terraform.io/hashicorp/aws\"]",
      "instances": [
        {
          "schema_version": 0,
          "attributes": {
            "acceleration_status": "",
            "acl": "private",
            "arn": "arn:aws:s3:::mcarmean-tf-dynamic-blocks-123",
            "bucket": "mcarmean-tf-dynamic-blocks-123",
            "bucket_domain_name": "mcarmean-tf-dynamic-blocks-123.s3.amazonaws.com",
            "bucket_prefix": null,
            "bucket_regional_domain_name": "mcarmean-tf-dynamic-blocks-123.s3.amazonaws.com",
            "cors_rule": [],
            "force_destroy": false,
            "grant": [],
            "hosted_zone_id": "Z3AQBSTGFYJSTF",
            "id": "mcarmean-tf-dynamic-blocks-123",
            "lifecycle_rule": [
              {
                "abort_incomplete_multipart_upload_days": 7,
                "enabled": true,
                "expiration": [],
                "id": "noexp",
                "noncurrent_version_expiration": [],
                "noncurrent_version_transition": [],
                "prefix": "thePrefix/",
                "tags": null,
                "transition": [
                  {
                    "date": "",
                    "days": 30,
                    "storage_class": "STANDARD_IA"
                  },
                  {
                    "date": "",
                    "days": 90,
                    "storage_class": "GLACIER"
                  }
                ]
              },
              {
                "abort_incomplete_multipart_upload_days": 0,
                "enabled": true,
                "expiration": [
                  {
                    "date": "",
                    "days": 45,
                    "expired_object_delete_marker": false
                  }
                ],
                "id": "expiredobjdel",
                "noncurrent_version_expiration": [],
                "noncurrent_version_transition": [],
                "prefix": "",
                "tags": {
                  "lcp": "testing",
                  "lcp2": "mapWorked"
                },
                "transition": [
                  {
                    "date": "",
                    "days": 31,
                    "storage_class": "STANDARD_IA"
                  }
                ]
              },
              {
                "abort_incomplete_multipart_upload_days": 7,
                "enabled": true,
                "expiration": [
                  {
                    "date": "",
                    "days": 95,
                    "expired_object_delete_marker": false
                  }
                ],
                "id": "thisIsMyTransitionRule",
                "noncurrent_version_expiration": [],
                "noncurrent_version_transition": [],
                "prefix": "thePrefix4/",
                "tags": null,
                "transition": [
                  {
                    "date": "",
                    "days": 45,
                    "storage_class": "STANDARD_IA"
                  }
                ]
              }
            ],
            "logging": [],
            "object_lock_configuration": [],
            "policy": null,
            "region": "us-east-1",
            "replication_configuration": [],
            "request_payer": "BucketOwner",
            "server_side_encryption_configuration": [],
            "tags": {
              "tagged": "yes",
              "terraform": "ofCourse"
            },
            "versioning": [
              {
                "enabled": false,
                "mfa_delete": false
              }
            ],
            "website": [],
            "website_domain": null,
            "website_endpoint": null
          },
          "private": "bnVsbA=="
        }
      ]
    }
  ]
}
